
Microsoft Visual Studio Solution File, Format Version 12.00
# Visual Studio Version 17
VisualStudioVersion = 17.8.34525.116
MinimumVisualStudioVersion = 10.0.40219.1
Project("{9A19103F-16F7-4668-BE54-9A1E7A4F7556}") = "Ng.Pass.Server.API", "Ng.Pass.Server.API\Ng.Pass.Server.API.csproj", "{3FE7BF22-89DA-42F4-8BBC-62C671144054}"
EndProject
Project("{9A19103F-16F7-4668-BE54-9A1E7A4F7556}") = "Ng.Pass.Server.Services", "Ng.Pass.Server.Services\Ng.Pass.Server.Services.csproj", "{CA3EFF1C-CA7F-4D2F-AD59-5CF8E880D5DD}"
EndProject
Project("{9A19103F-16F7-4668-BE54-9A1E7A4F7556}") = "Ng.Pass.Server.DataLayer", "Ng.Pass.Server.DataLayer\Ng.Pass.Server.DataLayer.csproj", "{64B7495E-6A0E-4378-AE0F-154E289FD7EF}"
EndProject
Project("{2150E333-8FDC-42A3-9474-1A3956D46DE8}") = "Solution Items", "Solution Items", "{AFDB4535-5273-45FA-A208-41EBA51CCA87}"
	ProjectSection(SolutionItems) = preProject
		Directory.Packages.props = Directory.Packages.props
		README.md = README.md
	EndProjectSection
EndProject
Project("{2150E333-8FDC-42A3-9474-1A3956D46DE8}") = "Tests", "Tests", "{F45E4A14-D6FD-4E61-918D-541F5678CF46}"
EndProject
Project("{9A19103F-16F7-4668-BE54-9A1E7A4F7556}") = "Ng.Pass.Server.Core", "Ng.Pass.Server.Core\Ng.Pass.Server.Core.csproj", "{CC7CE9DB-2596-4B27-BB87-7F4268F7D456}"
EndProject
Project("{9A19103F-16F7-4668-BE54-9A1E7A4F7556}") = "Ng.Pass.Server.Database", "Ng.Pass.Server.Database\Ng.Pass.Server.Database.csproj", "{40306485-D0CC-4900-AE74-C64C2B703E84}"
EndProject
Project("{9A19103F-16F7-4668-BE54-9A1E7A4F7556}") = "Ng.Pass.Server.Common.Tests", "Ng.Pass.Server.Common.Tests\Ng.Pass.Server.Common.Tests.csproj", "{C147C009-B1ED-4B03-93FE-BE73F2AE701A}"
EndProject
Project("{9A19103F-16F7-4668-BE54-9A1E7A4F7556}") = "Ng.Pass.Server.Services.Tests", "Ng.Pass.Server.Services.Tests\Ng.Pass.Server.Services.Tests.csproj", "{EE923D5B-CF2E-4E8C-97BF-B651CA312464}"
EndProject
Project("{9A19103F-16F7-4668-BE54-9A1E7A4F7556}") = "Ng.Pass.Server.API.Tests", "Ng.Pass.Server.API.Tests\Ng.Pass.Server.API.Tests.csproj", "{C760FF0C-A67D-4AC0-9628-9E718FB6E4EC}"
EndProject
Global
	GlobalSection(SolutionConfigurationPlatforms) = preSolution
		Debug|Any CPU = Debug|Any CPU
		Release|Any CPU = Release|Any CPU
	EndGlobalSection
	GlobalSection(ProjectConfigurationPlatforms) = postSolution
		{3FE7BF22-89DA-42F4-8BBC-62C671144054}.Debug|Any CPU.ActiveCfg = Debug|Any CPU
		{3FE7BF22-89DA-42F4-8BBC-62C671144054}.Debug|Any CPU.Build.0 = Debug|Any CPU
		{3FE7BF22-89DA-42F4-8BBC-62C671144054}.Release|Any CPU.ActiveCfg = Release|Any CPU
		{3FE7BF22-89DA-42F4-8BBC-62C671144054}.Release|Any CPU.Build.0 = Release|Any CPU
		{CA3EFF1C-CA7F-4D2F-AD59-5CF8E880D5DD}.Debug|Any CPU.ActiveCfg = Debug|Any CPU
		{CA3EFF1C-CA7F-4D2F-AD59-5CF8E880D5DD}.Debug|Any CPU.Build.0 = Debug|Any CPU
		{CA3EFF1C-CA7F-4D2F-AD59-5CF8E880D5DD}.Release|Any CPU.ActiveCfg = Release|Any CPU
		{CA3EFF1C-CA7F-4D2F-AD59-5CF8E880D5DD}.Release|Any CPU.Build.0 = Release|Any CPU
		{64B7495E-6A0E-4378-AE0F-154E289FD7EF}.Debug|Any CPU.ActiveCfg = Debug|Any CPU
		{64B7495E-6A0E-4378-AE0F-154E289FD7EF}.Debug|Any CPU.Build.0 = Debug|Any CPU
		{64B7495E-6A0E-4378-AE0F-154E289FD7EF}.Release|Any CPU.ActiveCfg = Release|Any CPU
		{64B7495E-6A0E-4378-AE0F-154E289FD7EF}.Release|Any CPU.Build.0 = Release|Any CPU
		{CC7CE9DB-2596-4B27-BB87-7F4268F7D456}.Debug|Any CPU.ActiveCfg = Debug|Any CPU
		{CC7CE9DB-2596-4B27-BB87-7F4268F7D456}.Debug|Any CPU.Build.0 = Debug|Any CPU
		{CC7CE9DB-2596-4B27-BB87-7F4268F7D456}.Release|Any CPU.ActiveCfg = Release|Any CPU
		{CC7CE9DB-2596-4B27-BB87-7F4268F7D456}.Release|Any CPU.Build.0 = Release|Any CPU
		{40306485-D0CC-4900-AE74-C64C2B703E84}.Debug|Any CPU.ActiveCfg = Debug|Any CPU
		{40306485-D0CC-4900-AE74-C64C2B703E84}.Debug|Any CPU.Build.0 = Debug|Any CPU
		{40306485-D0CC-4900-AE74-C64C2B703E84}.Release|Any CPU.ActiveCfg = Release|Any CPU
		{40306485-D0CC-4900-AE74-C64C2B703E84}.Release|Any CPU.Build.0 = Release|Any CPU
		{C147C009-B1ED-4B03-93FE-BE73F2AE701A}.Debug|Any CPU.ActiveCfg = Debug|Any CPU
		{C147C009-B1ED-4B03-93FE-BE73F2AE701A}.Debug|Any CPU.Build.0 = Debug|Any CPU
		{C147C009-B1ED-4B03-93FE-BE73F2AE701A}.Release|Any CPU.ActiveCfg = Release|Any CPU
		{C147C009-B1ED-4B03-93FE-BE73F2AE701A}.Release|Any CPU.Build.0 = Release|Any CPU
		{EE923D5B-CF2E-4E8C-97BF-B651CA312464}.Debug|Any CPU.ActiveCfg = Debug|Any CPU
		{EE923D5B-CF2E-4E8C-97BF-B651CA312464}.Debug|Any CPU.Build.0 = Debug|Any CPU
		{EE923D5B-CF2E-4E8C-97BF-B651CA312464}.Release|Any CPU.ActiveCfg = Release|Any CPU
		{EE923D5B-CF2E-4E8C-97BF-B651CA312464}.Release|Any CPU.Build.0 = Release|Any CPU
		{C760FF0C-A67D-4AC0-9628-9E718FB6E4EC}.Debug|Any CPU.ActiveCfg = Debug|Any CPU
		{C760FF0C-A67D-4AC0-9628-9E718FB6E4EC}.Debug|Any CPU.Build.0 = Debug|Any CPU
		{C760FF0C-A67D-4AC0-9628-9E718FB6E4EC}.Release|Any CPU.ActiveCfg = Release|Any CPU
		{C760FF0C-A67D-4AC0-9628-9E718FB6E4EC}.Release|Any CPU.Build.0 = Release|Any CPU
	EndGlobalSection
	GlobalSection(SolutionProperties) = preSolution
		HideSolutionNode = FALSE
	EndGlobalSection
	GlobalSection(NestedProjects) = preSolution
		{C147C009-B1ED-4B03-93FE-BE73F2AE701A} = {F45E4A14-D6FD-4E61-918D-541F5678CF46}
		{EE923D5B-CF2E-4E8C-97BF-B651CA312464} = {F45E4A14-D6FD-4E61-918D-541F5678CF46}
		{C760FF0C-A67D-4AC0-9628-9E718FB6E4EC} = {F45E4A14-D6FD-4E61-918D-541F5678CF46}
	EndGlobalSection
	GlobalSection(ExtensibilityGlobals) = postSolution
		SolutionGuid = {1A9DBA56-6A3D-46B1-B8EC-724D94817E29}
	EndGlobalSection
EndGlobal
